// !$*UTF8*$!
{
	archiveVersion = 1;
	classes = {
	};
	objectVersion = 50;
	objects = {

/* Begin PBXBuildFile section */
		0353E14225FD570200221138 /* AppDelegate.swift in Sources */ = {isa = PBXBuildFile; fileRef = 0353E14125FD570200221138 /* AppDelegate.swift */; };
		0353E14425FD570200221138 /* SceneDelegate.swift in Sources */ = {isa = PBXBuildFile; fileRef = 0353E14325FD570200221138 /* SceneDelegate.swift */; };
		0353E14625FD570200221138 /* ViewController.swift in Sources */ = {isa = PBXBuildFile; fileRef = 0353E14525FD570200221138 /* ViewController.swift */; };
		0353E14925FD570200221138 /* Main.storyboard in Resources */ = {isa = PBXBuildFile; fileRef = 0353E14725FD570200221138 /* Main.storyboard */; };
		0353E14B25FD570200221138 /* Assets.xcassets in Resources */ = {isa = PBXBuildFile; fileRef = 0353E14A25FD570200221138 /* Assets.xcassets */; };
		0353E14E25FD570200221138 /* LaunchScreen.storyboard in Resources */ = {isa = PBXBuildFile; fileRef = 0353E14C25FD570200221138 /* LaunchScreen.storyboard */; };
		0353E15B25FD636500221138 /* HomeTableViewHeader.xib in Resources */ = {isa = PBXBuildFile; fileRef = 0353E15A25FD636500221138 /* HomeTableViewHeader.xib */; };
		0353E16125FD6CC500221138 /* HomeTableViewHeader.swift in Sources */ = {isa = PBXBuildFile; fileRef = 0353E16025FD6CC500221138 /* HomeTableViewHeader.swift */; };
		03588E712663DEEE00BF0C82 /* ViagemTableViewCell.swift in Sources */ = {isa = PBXBuildFile; fileRef = 03588E6F2663DEEE00BF0C82 /* ViagemTableViewCell.swift */; };
		03588E722663DEEE00BF0C82 /* ViagemTableViewCell.xib in Resources */ = {isa = PBXBuildFile; fileRef = 03588E702663DEEE00BF0C82 /* ViagemTableViewCell.xib */; };
		03588E7C266439BF00BF0C82 /* server-response.json in Resources */ = {isa = PBXBuildFile; fileRef = 03588E7B266439BF00BF0C82 /* server-response.json */; };
		03588E7F266439F100BF0C82 /* DecodableData.swift in Sources */ = {isa = PBXBuildFile; fileRef = 03588E7E266439F100BF0C82 /* DecodableData.swift */; };
		03588E82266439FC00BF0C82 /* TiposDeViagens.swift in Sources */ = {isa = PBXBuildFile; fileRef = 03588E81266439FC00BF0C82 /* TiposDeViagens.swift */; };
		03588E8526643A0700BF0C82 /* Viagem.swift in Sources */ = {isa = PBXBuildFile; fileRef = 03588E8426643A0700BF0C82 /* Viagem.swift */; };
		03588E8926643A2700BF0C82 /* UIView+Extension.swift in Sources */ = {isa = PBXBuildFile; fileRef = 03588E8826643A2700BF0C82 /* UIView+Extension.swift */; };
		03588E8C26643A9600BF0C82 /* ViagemViewModel.swift in Sources */ = {isa = PBXBuildFile; fileRef = 03588E8B26643A9600BF0C82 /* ViagemViewModel.swift */; };
		03588E8F26643B6A00BF0C82 /* ViagemDestaqueViewModel.swift in Sources */ = {isa = PBXBuildFile; fileRef = 03588E8E26643B6A00BF0C82 /* ViagemDestaqueViewModel.swift */; };
		038864AF26D3EF91002A4753 /* OfertaTableViewCell.swift in Sources */ = {isa = PBXBuildFile; fileRef = 038864AD26D3EF91002A4753 /* OfertaTableViewCell.swift */; };
		038864B026D3EF91002A4753 /* OfertaTableViewCell.xib in Resources */ = {isa = PBXBuildFile; fileRef = 038864AE26D3EF91002A4753 /* OfertaTableViewCell.xib */; };
		038864B226D41A68002A4753 /* ViagemOfertaViewModel.swift in Sources */ = {isa = PBXBuildFile; fileRef = 038864B126D41A68002A4753 /* ViagemOfertaViewModel.swift */; };
		16E7F83B2982A76F00BAEB60 /* DetalheViewController.swift in Sources */ = {isa = PBXBuildFile; fileRef = 16E7F8392982A76F00BAEB60 /* DetalheViewController.swift */; };
		16E7F83C2982A76F00BAEB60 /* DetalheViewController.xib in Resources */ = {isa = PBXBuildFile; fileRef = 16E7F83A2982A76F00BAEB60 /* DetalheViewController.xib */; };
		16EE6BE1299FE5E90022C517 /* LaunchViewController.swift in Sources */ = {isa = PBXBuildFile; fileRef = 16EE6BE0299FE5E90022C517 /* LaunchViewController.swift */; };
		16EE6BE3299FEC680022C517 /* AnimationCustom.swift in Sources */ = {isa = PBXBuildFile; fileRef = 16EE6BE2299FEC680022C517 /* AnimationCustom.swift */; };
/* End PBXBuildFile section */

/* Begin PBXFileReference section */
		0353E13E25FD570200221138 /* AluraViagens.app */ = {isa = PBXFileReference; explicitFileType = wrapper.application; includeInIndex = 0; path = AluraViagens.app; sourceTree = BUILT_PRODUCTS_DIR; };
		0353E14125FD570200221138 /* AppDelegate.swift */ = {isa = PBXFileReference; lastKnownFileType = sourcecode.swift; path = AppDelegate.swift; sourceTree = "<group>"; };
		0353E14325FD570200221138 /* SceneDelegate.swift */ = {isa = PBXFileReference; lastKnownFileType = sourcecode.swift; path = SceneDelegate.swift; sourceTree = "<group>"; };
		0353E14525FD570200221138 /* ViewController.swift */ = {isa = PBXFileReference; lastKnownFileType = sourcecode.swift; path = ViewController.swift; sourceTree = "<group>"; };
		0353E14825FD570200221138 /* Base */ = {isa = PBXFileReference; lastKnownFileType = file.storyboard; name = Base; path = Base.lproj/Main.storyboard; sourceTree = "<group>"; };
		0353E14A25FD570200221138 /* Assets.xcassets */ = {isa = PBXFileReference; lastKnownFileType = folder.assetcatalog; path = Assets.xcassets; sourceTree = "<group>"; };
		0353E14D25FD570200221138 /* Base */ = {isa = PBXFileReference; lastKnownFileType = file.storyboard; name = Base; path = Base.lproj/LaunchScreen.storyboard; sourceTree = "<group>"; };
		0353E14F25FD570200221138 /* Info.plist */ = {isa = PBXFileReference; lastKnownFileType = text.plist.xml; path = Info.plist; sourceTree = "<group>"; };
		0353E15A25FD636500221138 /* HomeTableViewHeader.xib */ = {isa = PBXFileReference; lastKnownFileType = file.xib; path = HomeTableViewHeader.xib; sourceTree = "<group>"; };
		0353E16025FD6CC500221138 /* HomeTableViewHeader.swift */ = {isa = PBXFileReference; lastKnownFileType = sourcecode.swift; path = HomeTableViewHeader.swift; sourceTree = "<group>"; };
		03588E6F2663DEEE00BF0C82 /* ViagemTableViewCell.swift */ = {isa = PBXFileReference; lastKnownFileType = sourcecode.swift; path = ViagemTableViewCell.swift; sourceTree = "<group>"; };
		03588E702663DEEE00BF0C82 /* ViagemTableViewCell.xib */ = {isa = PBXFileReference; lastKnownFileType = file.xib; path = ViagemTableViewCell.xib; sourceTree = "<group>"; };
		03588E7B266439BF00BF0C82 /* server-response.json */ = {isa = PBXFileReference; fileEncoding = 4; lastKnownFileType = text.json; name = "server-response.json"; path = "arquivos/server-response.json"; sourceTree = SOURCE_ROOT; };
		03588E7E266439F100BF0C82 /* DecodableData.swift */ = {isa = PBXFileReference; fileEncoding = 4; lastKnownFileType = sourcecode.swift; name = DecodableData.swift; path = arquivos/DecodableData.swift; sourceTree = SOURCE_ROOT; };
		03588E81266439FC00BF0C82 /* TiposDeViagens.swift */ = {isa = PBXFileReference; fileEncoding = 4; lastKnownFileType = sourcecode.swift; name = TiposDeViagens.swift; path = arquivos/TiposDeViagens.swift; sourceTree = SOURCE_ROOT; };
		03588E8426643A0700BF0C82 /* Viagem.swift */ = {isa = PBXFileReference; fileEncoding = 4; lastKnownFileType = sourcecode.swift; name = Viagem.swift; path = arquivos/Viagem.swift; sourceTree = SOURCE_ROOT; };
		03588E8826643A2700BF0C82 /* UIView+Extension.swift */ = {isa = PBXFileReference; fileEncoding = 4; lastKnownFileType = sourcecode.swift; name = "UIView+Extension.swift"; path = "arquivos/UIView+Extension.swift"; sourceTree = SOURCE_ROOT; };
		03588E8B26643A9600BF0C82 /* ViagemViewModel.swift */ = {isa = PBXFileReference; lastKnownFileType = sourcecode.swift; path = ViagemViewModel.swift; sourceTree = "<group>"; };
		03588E8E26643B6A00BF0C82 /* ViagemDestaqueViewModel.swift */ = {isa = PBXFileReference; lastKnownFileType = sourcecode.swift; path = ViagemDestaqueViewModel.swift; sourceTree = "<group>"; };
		038864AD26D3EF91002A4753 /* OfertaTableViewCell.swift */ = {isa = PBXFileReference; lastKnownFileType = sourcecode.swift; path = OfertaTableViewCell.swift; sourceTree = "<group>"; };
		038864AE26D3EF91002A4753 /* OfertaTableViewCell.xib */ = {isa = PBXFileReference; lastKnownFileType = file.xib; path = OfertaTableViewCell.xib; sourceTree = "<group>"; };
		038864B126D41A68002A4753 /* ViagemOfertaViewModel.swift */ = {isa = PBXFileReference; lastKnownFileType = sourcecode.swift; path = ViagemOfertaViewModel.swift; sourceTree = "<group>"; };
		16E7F8392982A76F00BAEB60 /* DetalheViewController.swift */ = {isa = PBXFileReference; lastKnownFileType = sourcecode.swift; path = DetalheViewController.swift; sourceTree = "<group>"; };
		16E7F83A2982A76F00BAEB60 /* DetalheViewController.xib */ = {isa = PBXFileReference; lastKnownFileType = file.xib; path = DetalheViewController.xib; sourceTree = "<group>"; };
		16EE6BE0299FE5E90022C517 /* LaunchViewController.swift */ = {isa = PBXFileReference; lastKnownFileType = sourcecode.swift; path = LaunchViewController.swift; sourceTree = "<group>"; };
		16EE6BE2299FEC680022C517 /* AnimationCustom.swift */ = {isa = PBXFileReference; lastKnownFileType = sourcecode.swift; path = AnimationCustom.swift; sourceTree = "<group>"; };
/* End PBXFileReference section */

/* Begin PBXFrameworksBuildPhase section */
		0353E13B25FD570200221138 /* Frameworks */ = {
			isa = PBXFrameworksBuildPhase;
			buildActionMask = 2147483647;
			files = (
			);
			runOnlyForDeploymentPostprocessing = 0;
		};
/* End PBXFrameworksBuildPhase section */

/* Begin PBXGroup section */
		0353E13525FD570200221138 = {
			isa = PBXGroup;
			children = (
				0353E14025FD570200221138 /* AluraViagens */,
				0353E13F25FD570200221138 /* Products */,
			);
			sourceTree = "<group>";
		};
		0353E13F25FD570200221138 /* Products */ = {
			isa = PBXGroup;
			children = (
				0353E13E25FD570200221138 /* AluraViagens.app */,
			);
			name = Products;
			sourceTree = "<group>";
		};
		0353E14025FD570200221138 /* AluraViagens */ = {
			isa = PBXGroup;
			children = (
				03965CD22662D71A00CEDD53 /* AppDelegate */,
				03965CD32662D72F00CEDD53 /* Model */,
				03965CD42662D74A00CEDD53 /* View */,
				03965CD62662D77800CEDD53 /* ViewModel */,
				03588E8726643A1600BF0C82 /* Extensions */,
				0353E14A25FD570200221138 /* Assets.xcassets */,
				03588E7A266439A700BF0C82 /* Mock */,
				0353E14C25FD570200221138 /* LaunchScreen.storyboard */,
				0353E14F25FD570200221138 /* Info.plist */,
			);
			path = AluraViagens;
			sourceTree = "<group>";
		};
		03588E6E2663DEAC00BF0C82 /* Cells */ = {
			isa = PBXGroup;
			children = (
				038864AB26D3EF55002A4753 /* Destaque */,
				038864AC26D3EF61002A4753 /* Oferta */,
			);
			path = Cells;
			sourceTree = "<group>";
		};
		03588E7A266439A700BF0C82 /* Mock */ = {
			isa = PBXGroup;
			children = (
				03588E7B266439BF00BF0C82 /* server-response.json */,
			);
			path = Mock;
			sourceTree = "<group>";
		};
		03588E8726643A1600BF0C82 /* Extensions */ = {
			isa = PBXGroup;
			children = (
				03588E8826643A2700BF0C82 /* UIView+Extension.swift */,
			);
			path = Extensions;
			sourceTree = "<group>";
		};
		038864AB26D3EF55002A4753 /* Destaque */ = {
			isa = PBXGroup;
			children = (
				03588E6F2663DEEE00BF0C82 /* ViagemTableViewCell.swift */,
				03588E702663DEEE00BF0C82 /* ViagemTableViewCell.xib */,
			);
			path = Destaque;
			sourceTree = "<group>";
		};
		038864AC26D3EF61002A4753 /* Oferta */ = {
			isa = PBXGroup;
			children = (
				038864AD26D3EF91002A4753 /* OfertaTableViewCell.swift */,
				038864AE26D3EF91002A4753 /* OfertaTableViewCell.xib */,
			);
			path = Oferta;
			sourceTree = "<group>";
		};
		03965CD22662D71A00CEDD53 /* AppDelegate */ = {
			isa = PBXGroup;
			children = (
				0353E14125FD570200221138 /* AppDelegate.swift */,
				0353E14325FD570200221138 /* SceneDelegate.swift */,
			);
			path = AppDelegate;
			sourceTree = "<group>";
		};
		03965CD32662D72F00CEDD53 /* Model */ = {
			isa = PBXGroup;
			children = (
				03588E8426643A0700BF0C82 /* Viagem.swift */,
				03588E7E266439F100BF0C82 /* DecodableData.swift */,
				03588E81266439FC00BF0C82 /* TiposDeViagens.swift */,
			);
			path = Model;
			sourceTree = "<group>";
		};
		03965CD42662D74A00CEDD53 /* View */ = {
			isa = PBXGroup;
			children = (
				16EE6BE2299FEC680022C517 /* AnimationCustom.swift */,
				0353E14525FD570200221138 /* ViewController.swift */,
				0353E14725FD570200221138 /* Main.storyboard */,
				16EE6BDF299FE5AA0022C517 /* LaunchViewController */,
				16E7F8382982A72F00BAEB60 /* DetalheViewController */,
				03965CD52662D76600CEDD53 /* Header */,
				03588E6E2663DEAC00BF0C82 /* Cells */,
			);
			path = View;
			sourceTree = "<group>";
		};
		03965CD52662D76600CEDD53 /* Header */ = {
			isa = PBXGroup;
			children = (
				0353E15A25FD636500221138 /* HomeTableViewHeader.xib */,
				0353E16025FD6CC500221138 /* HomeTableViewHeader.swift */,
			);
			path = Header;
			sourceTree = "<group>";
		};
		03965CD62662D77800CEDD53 /* ViewModel */ = {
			isa = PBXGroup;
			children = (
				03588E8B26643A9600BF0C82 /* ViagemViewModel.swift */,
				03588E8E26643B6A00BF0C82 /* ViagemDestaqueViewModel.swift */,
				038864B126D41A68002A4753 /* ViagemOfertaViewModel.swift */,
			);
			path = ViewModel;
			sourceTree = "<group>";
		};
		16E7F8382982A72F00BAEB60 /* DetalheViewController */ = {
			isa = PBXGroup;
			children = (
				16E7F8392982A76F00BAEB60 /* DetalheViewController.swift */,
				16E7F83A2982A76F00BAEB60 /* DetalheViewController.xib */,
			);
			path = DetalheViewController;
			sourceTree = "<group>";
		};
		16EE6BDF299FE5AA0022C517 /* LaunchViewController */ = {
			isa = PBXGroup;
			children = (
				16EE6BE0299FE5E90022C517 /* LaunchViewController.swift */,
			);
			path = LaunchViewController;
			sourceTree = "<group>";
		};
/* End PBXGroup section */

/* Begin PBXNativeTarget section */
		0353E13D25FD570200221138 /* AluraViagens */ = {
			isa = PBXNativeTarget;
			buildConfigurationList = 0353E15225FD570200221138 /* Build configuration list for PBXNativeTarget "AluraViagens" */;
			buildPhases = (
				0353E13A25FD570200221138 /* Sources */,
				0353E13B25FD570200221138 /* Frameworks */,
				0353E13C25FD570200221138 /* Resources */,
			);
			buildRules = (
			);
			dependencies = (
			);
			name = AluraViagens;
			productName = AluraViagens;
			productReference = 0353E13E25FD570200221138 /* AluraViagens.app */;
			productType = "com.apple.product-type.application";
		};
/* End PBXNativeTarget section */

/* Begin PBXProject section */
		0353E13625FD570200221138 /* Project object */ = {
			isa = PBXProject;
			attributes = {
				LastSwiftUpdateCheck = 1200;
				LastUpgradeCheck = 1200;
				TargetAttributes = {
					0353E13D25FD570200221138 = {
						CreatedOnToolsVersion = 12.0;
					};
				};
			};
			buildConfigurationList = 0353E13925FD570200221138 /* Build configuration list for PBXProject "AluraViagens" */;
			compatibilityVersion = "Xcode 9.3";
			developmentRegion = en;
			hasScannedForEncodings = 0;
			knownRegions = (
				en,
				Base,
			);
			mainGroup = 0353E13525FD570200221138;
			productRefGroup = 0353E13F25FD570200221138 /* Products */;
			projectDirPath = "";
			projectRoot = "";
			targets = (
				0353E13D25FD570200221138 /* AluraViagens */,
			);
		};
/* End PBXProject section */

/* Begin PBXResourcesBuildPhase section */
		0353E13C25FD570200221138 /* Resources */ = {
			isa = PBXResourcesBuildPhase;
			buildActionMask = 2147483647;
			files = (
				16E7F83C2982A76F00BAEB60 /* DetalheViewController.xib in Resources */,
				0353E14E25FD570200221138 /* LaunchScreen.storyboard in Resources */,
				03588E7C266439BF00BF0C82 /* server-response.json in Resources */,
				0353E15B25FD636500221138 /* HomeTableViewHeader.xib in Resources */,
				0353E14B25FD570200221138 /* Assets.xcassets in Resources */,
				0353E14925FD570200221138 /* Main.storyboard in Resources */,
				03588E722663DEEE00BF0C82 /* ViagemTableViewCell.xib in Resources */,
				038864B026D3EF91002A4753 /* OfertaTableViewCell.xib in Resources */,
			);
			runOnlyForDeploymentPostprocessing = 0;
		};
/* End PBXResourcesBuildPhase section */

/* Begin PBXSourcesBuildPhase section */
		0353E13A25FD570200221138 /* Sources */ = {
			isa = PBXSourcesBuildPhase;
			buildActionMask = 2147483647;
			files = (
				03588E8526643A0700BF0C82 /* Viagem.swift in Sources */,
				16EE6BE1299FE5E90022C517 /* LaunchViewController.swift in Sources */,
				0353E14625FD570200221138 /* ViewController.swift in Sources */,
				03588E712663DEEE00BF0C82 /* ViagemTableViewCell.swift in Sources */,
				03588E8926643A2700BF0C82 /* UIView+Extension.swift in Sources */,
				038864B226D41A68002A4753 /* ViagemOfertaViewModel.swift in Sources */,
				038864AF26D3EF91002A4753 /* OfertaTableViewCell.swift in Sources */,
				03588E82266439FC00BF0C82 /* TiposDeViagens.swift in Sources */,
				0353E16125FD6CC500221138 /* HomeTableViewHeader.swift in Sources */,
				03588E7F266439F100BF0C82 /* DecodableData.swift in Sources */,
				0353E14225FD570200221138 /* AppDelegate.swift in Sources */,
				16EE6BE3299FEC680022C517 /* AnimationCustom.swift in Sources */,
				0353E14425FD570200221138 /* SceneDelegate.swift in Sources */,
				03588E8C26643A9600BF0C82 /* ViagemViewModel.swift in Sources */,
				16E7F83B2982A76F00BAEB60 /* DetalheViewController.swift in Sources */,
				03588E8F26643B6A00BF0C82 /* ViagemDestaqueViewModel.swift in Sources */,
			);
			runOnlyForDeploymentPostprocessing = 0;
		};
/* End PBXSourcesBuildPhase section */

/* Begin PBXVariantGroup section */
		0353E14725FD570200221138 /* Main.storyboard */ = {
			isa = PBXVariantGroup;
			children = (
				0353E14825FD570200221138 /* Base */,
			);
			name = Main.storyboard;
			sourceTree = "<group>";
		};
		0353E14C25FD570200221138 /* LaunchScreen.storyboard */ = {
			isa = PBXVariantGroup;
			children = (
				0353E14D25FD570200221138 /* Base */,
			);
			name = LaunchScreen.storyboard;
			sourceTree = "<group>";
		};
/* End PBXVariantGroup section */

/* Begin XCBuildConfiguration section */
		0353E15025FD570200221138 /* Debug */ = {
			isa = XCBuildConfiguration;
			buildSettings = {
				ALWAYS_SEARCH_USER_PATHS = NO;
				CLANG_ANALYZER_NONNULL = YES;
				CLANG_ANALYZER_NUMBER_OBJECT_CONVERSION = YES_AGGRESSIVE;
				CLANG_CXX_LANGUAGE_STANDARD = "gnu++14";
				CLANG_CXX_LIBRARY = "libc++";
				CLANG_ENABLE_MODULES = YES;
				CLANG_ENABLE_OBJC_ARC = YES;
				CLANG_ENABLE_OBJC_WEAK = YES;
				CLANG_WARN_BLOCK_CAPTURE_AUTORELEASING = YES;
				CLANG_WARN_BOOL_CONVERSION = YES;
				CLANG_WARN_COMMA = YES;
				CLANG_WARN_CONSTANT_CONVERSION = YES;
				CLANG_WARN_DEPRECATED_OBJC_IMPLEMENTATIONS = YES;
				CLANG_WARN_DIRECT_OBJC_ISA_USAGE = YES_ERROR;
				CLANG_WARN_DOCUMENTATION_COMMENTS = YES;
				CLANG_WARN_EMPTY_BODY = YES;
				CLANG_WARN_ENUM_CONVERSION = YES;
				CLANG_WARN_INFINITE_RECURSION = YES;
				CLANG_WARN_INT_CONVERSION = YES;
				CLANG_WARN_NON_LITERAL_NULL_CONVERSION = YES;
				CLANG_WARN_OBJC_IMPLICIT_RETAIN_SELF = YES;
				CLANG_WARN_OBJC_LITERAL_CONVERSION = YES;
				CLANG_WARN_OBJC_ROOT_CLASS = YES_ERROR;
				CLANG_WARN_QUOTED_INCLUDE_IN_FRAMEWORK_HEADER = YES;
				CLANG_WARN_RANGE_LOOP_ANALYSIS = YES;
				CLANG_WARN_STRICT_PROTOTYPES = YES;
				CLANG_WARN_SUSPICIOUS_MOVE = YES;
				CLANG_WARN_UNGUARDED_AVAILABILITY = YES_AGGRESSIVE;
				CLANG_WARN_UNREACHABLE_CODE = YES;
				CLANG_WARN__DUPLICATE_METHOD_MATCH = YES;
				COPY_PHASE_STRIP = NO;
				DEBUG_INFORMATION_FORMAT = dwarf;
				ENABLE_STRICT_OBJC_MSGSEND = YES;
				ENABLE_TESTABILITY = YES;
				GCC_C_LANGUAGE_STANDARD = gnu11;
				GCC_DYNAMIC_NO_PIC = NO;
				GCC_NO_COMMON_BLOCKS = YES;
				GCC_OPTIMIZATION_LEVEL = 0;
				GCC_PREPROCESSOR_DEFINITIONS = (
					"DEBUG=1",
					"$(inherited)",
				);
				GCC_WARN_64_TO_32_BIT_CONVERSION = YES;
				GCC_WARN_ABOUT_RETURN_TYPE = YES_ERROR;
				GCC_WARN_UNDECLARED_SELECTOR = YES;
				GCC_WARN_UNINITIALIZED_AUTOS = YES_AGGRESSIVE;
				GCC_WARN_UNUSED_FUNCTION = YES;
				GCC_WARN_UNUSED_VARIABLE = YES;
				IPHONEOS_DEPLOYMENT_TARGET = 14.0;
				MTL_ENABLE_DEBUG_INFO = INCLUDE_SOURCE;
				MTL_FAST_MATH = YES;
				ONLY_ACTIVE_ARCH = YES;
				SDKROOT = iphoneos;
				SWIFT_ACTIVE_COMPILATION_CONDITIONS = DEBUG;
				SWIFT_OPTIMIZATION_LEVEL = "-Onone";
			};
			name = Debug;
		};
		0353E15125FD570200221138 /* Release */ = {
			isa = XCBuildConfiguration;
			buildSettings = {
				ALWAYS_SEARCH_USER_PATHS = NO;
				CLANG_ANALYZER_NONNULL = YES;
				CLANG_ANALYZER_NUMBER_OBJECT_CONVERSION = YES_AGGRESSIVE;
				CLANG_CXX_LANGUAGE_STANDARD = "gnu++14";
				CLANG_CXX_LIBRARY = "libc++";
				CLANG_ENABLE_MODULES = YES;
				CLANG_ENABLE_OBJC_ARC = YES;
				CLANG_ENABLE_OBJC_WEAK = YES;
				CLANG_WARN_BLOCK_CAPTURE_AUTORELEASING = YES;
				CLANG_WARN_BOOL_CONVERSION = YES;
				CLANG_WARN_COMMA = YES;
				CLANG_WARN_CONSTANT_CONVERSION = YES;
				CLANG_WARN_DEPRECATED_OBJC_IMPLEMENTATIONS = YES;
				CLANG_WARN_DIRECT_OBJC_ISA_USAGE = YES_ERROR;
				CLANG_WARN_DOCUMENTATION_COMMENTS = YES;
				CLANG_WARN_EMPTY_BODY = YES;
				CLANG_WARN_ENUM_CONVERSION = YES;
				CLANG_WARN_INFINITE_RECURSION = YES;
				CLANG_WARN_INT_CONVERSION = YES;
				CLANG_WARN_NON_LITERAL_NULL_CONVERSION = YES;
				CLANG_WARN_OBJC_IMPLICIT_RETAIN_SELF = YES;
				CLANG_WARN_OBJC_LITERAL_CONVERSION = YES;
				CLANG_WARN_OBJC_ROOT_CLASS = YES_ERROR;
				CLANG_WARN_QUOTED_INCLUDE_IN_FRAMEWORK_HEADER = YES;
				CLANG_WARN_RANGE_LOOP_ANALYSIS = YES;
				CLANG_WARN_STRICT_PROTOTYPES = YES;
				CLANG_WARN_SUSPICIOUS_MOVE = YES;
				CLANG_WARN_UNGUARDED_AVAILABILITY = YES_AGGRESSIVE;
				CLANG_WARN_UNREACHABLE_CODE = YES;
				CLANG_WARN__DUPLICATE_METHOD_MATCH = YES;
				COPY_PHASE_STRIP = NO;
				DEBUG_INFORMATION_FORMAT = "dwarf-with-dsym";
				ENABLE_NS_ASSERTIONS = NO;
				ENABLE_STRICT_OBJC_MSGSEND = YES;
				GCC_C_LANGUAGE_STANDARD = gnu11;
				GCC_NO_COMMON_BLOCKS = YES;
				GCC_WARN_64_TO_32_BIT_CONVERSION = YES;
				GCC_WARN_ABOUT_RETURN_TYPE = YES_ERROR;
				GCC_WARN_UNDECLARED_SELECTOR = YES;
				GCC_WARN_UNINITIALIZED_AUTOS = YES_AGGRESSIVE;
				GCC_WARN_UNUSED_FUNCTION = YES;
				GCC_WARN_UNUSED_VARIABLE = YES;
				IPHONEOS_DEPLOYMENT_TARGET = 14.0;
				MTL_ENABLE_DEBUG_INFO = NO;
				MTL_FAST_MATH = YES;
				SDKROOT = iphoneos;
				SWIFT_COMPILATION_MODE = wholemodule;
				SWIFT_OPTIMIZATION_LEVEL = "-O";
				VALIDATE_PRODUCT = YES;
			};
			name = Release;
		};
		0353E15325FD570200221138 /* Debug */ = {
			isa = XCBuildConfiguration;
			buildSettings = {
				ASSETCATALOG_COMPILER_APPICON_NAME = AppIcon;
				ASSETCATALOG_COMPILER_GLOBAL_ACCENT_COLOR_NAME = AccentColor;
				CODE_SIGN_STYLE = Automatic;
				DEVELOPMENT_TEAM = LF4G5DZZMF;
				INFOPLIST_FILE = AluraViagens/Info.plist;
				LD_RUNPATH_SEARCH_PATHS = (
					"$(inherited)",
					"@executable_path/Frameworks",
				);
				PRODUCT_BUNDLE_IDENTIFIER = afc.AluraViagens;
				PRODUCT_NAME = "$(TARGET_NAME)";
				SWIFT_VERSION = 5.0;
				TARGETED_DEVICE_FAMILY = "1,2";
			};
			name = Debug;
		};
		0353E15425FD570200221138 /* Release */ = {
			isa = XCBuildConfiguration;
			buildSettings = {
				ASSETCATALOG_COMPILER_APPICON_NAME = AppIcon;
				ASSETCATALOG_COMPILER_GLOBAL_ACCENT_COLOR_NAME = AccentColor;
				CODE_SIGN_STYLE = Automatic;
				DEVELOPMENT_TEAM = LF4G5DZZMF;
				INFOPLIST_FILE = AluraViagens/Info.plist;
				LD_RUNPATH_SEARCH_PATHS = (
					"$(inherited)",
					"@executable_path/Frameworks",
				);
				PRODUCT_BUNDLE_IDENTIFIER = afc.AluraViagens;
				PRODUCT_NAME = "$(TARGET_NAME)";
				SWIFT_VERSION = 5.0;
				TARGETED_DEVICE_FAMILY = "1,2";
			};
			name = Release;
		};
/* End XCBuildConfiguration section */

/* Begin XCConfigurationList section */
		0353E13925FD570200221138 /* Build configuration list for PBXProject "AluraViagens" */ = {
			isa = XCConfigurationList;
			buildConfigurations = (
				0353E15025FD570200221138 /* Debug */,
				0353E15125FD570200221138 /* Release */,
			);
			defaultConfigurationIsVisible = 0;
			defaultConfigurationName = Release;
		};
		0353E15225FD570200221138 /* Build configuration list for PBXNativeTarget "AluraViagens" */ = {
			isa = XCConfigurationList;
			buildConfigurations = (
				0353E15325FD570200221138 /* Debug */,
				0353E15425FD570200221138 /* Release */,
			);
			defaultConfigurationIsVisible = 0;
			defaultConfigurationName = Release;
		};
/* End XCConfigurationList section */
	};
	rootObject = 0353E13625FD570200221138 /* Project object */;
}
