// !$*UTF8*$!
{
	archiveVersion = 1;
	classes = {
	};
	objectVersion = 56;
	objects = {

/* Begin PBXBuildFile section */
		1622CECD2970925C00575185 /* OfertaTableViewCell.swift in Sources */ = {isa = PBXBuildFile; fileRef = 1622CECB2970925C00575185 /* OfertaTableViewCell.swift */; };
		1622CECE2970925C00575185 /* OfertaTableViewCell.xib in Resources */ = {isa = PBXBuildFile; fileRef = 1622CECC2970925C00575185 /* OfertaTableViewCell.xib */; };
		1622CED02970933D00575185 /* ViagemOfertaViewModel.swift in Sources */ = {isa = PBXBuildFile; fileRef = 1622CECF2970933D00575185 /* ViagemOfertaViewModel.swift */; };
		1654BE8829606B4E00A2A896 /* TravelTableViewCell.swift in Sources */ = {isa = PBXBuildFile; fileRef = 1654BE8629606B4E00A2A896 /* TravelTableViewCell.swift */; };
		1654BE8929606B4E00A2A896 /* TravelTableViewCell.xib in Resources */ = {isa = PBXBuildFile; fileRef = 1654BE8729606B4E00A2A896 /* TravelTableViewCell.xib */; };
		1654BE8C296074F500A2A896 /* server-response.json in Resources */ = {isa = PBXBuildFile; fileRef = 1654BE8B296074F500A2A896 /* server-response.json */; };
		1654BE8E2960752400A2A896 /* DecodableData.swift in Sources */ = {isa = PBXBuildFile; fileRef = 1654BE8D2960752400A2A896 /* DecodableData.swift */; };
		1654BE902960753A00A2A896 /* TiposDeViagens.swift in Sources */ = {isa = PBXBuildFile; fileRef = 1654BE8F2960753A00A2A896 /* TiposDeViagens.swift */; };
		1654BE922960754F00A2A896 /* Viagem.swift in Sources */ = {isa = PBXBuildFile; fileRef = 1654BE912960754F00A2A896 /* Viagem.swift */; };
		1654BE952960759E00A2A896 /* UIView+Extension.swift in Sources */ = {isa = PBXBuildFile; fileRef = 1654BE942960759E00A2A896 /* UIView+Extension.swift */; };
		1654BE972960760600A2A896 /* ViagemViewModel.swift in Sources */ = {isa = PBXBuildFile; fileRef = 1654BE962960760600A2A896 /* ViagemViewModel.swift */; };
		1654BE992960779100A2A896 /* ViagemDestaqueViewModel.swift in Sources */ = {isa = PBXBuildFile; fileRef = 1654BE982960779100A2A896 /* ViagemDestaqueViewModel.swift */; };
		16D48919292D5FDC004CD648 /* AppDelegate.swift in Sources */ = {isa = PBXBuildFile; fileRef = 16D48918292D5FDC004CD648 /* AppDelegate.swift */; };
		16D4891B292D5FDC004CD648 /* SceneDelegate.swift in Sources */ = {isa = PBXBuildFile; fileRef = 16D4891A292D5FDC004CD648 /* SceneDelegate.swift */; };
		16D4891D292D5FDC004CD648 /* ViewController.swift in Sources */ = {isa = PBXBuildFile; fileRef = 16D4891C292D5FDC004CD648 /* ViewController.swift */; };
		16D48920292D5FDC004CD648 /* Main.storyboard in Resources */ = {isa = PBXBuildFile; fileRef = 16D4891E292D5FDC004CD648 /* Main.storyboard */; };
		16D48922292D5FDC004CD648 /* Assets.xcassets in Resources */ = {isa = PBXBuildFile; fileRef = 16D48921292D5FDC004CD648 /* Assets.xcassets */; };
		16D48925292D5FDC004CD648 /* LaunchScreen.storyboard in Resources */ = {isa = PBXBuildFile; fileRef = 16D48923292D5FDC004CD648 /* LaunchScreen.storyboard */; };
		16FE7C1829380ACB00FE20A5 /* HomeTableViewHeader.xib in Resources */ = {isa = PBXBuildFile; fileRef = 16FE7C1729380ACB00FE20A5 /* HomeTableViewHeader.xib */; };
		16FE7C1A29380E8800FE20A5 /* HomeTableViewHeader.swift in Sources */ = {isa = PBXBuildFile; fileRef = 16FE7C1929380E8800FE20A5 /* HomeTableViewHeader.swift */; };
/* End PBXBuildFile section */

/* Begin PBXFileReference section */
		1622CECB2970925C00575185 /* OfertaTableViewCell.swift */ = {isa = PBXFileReference; lastKnownFileType = sourcecode.swift; path = OfertaTableViewCell.swift; sourceTree = "<group>"; };
		1622CECC2970925C00575185 /* OfertaTableViewCell.xib */ = {isa = PBXFileReference; lastKnownFileType = file.xib; path = OfertaTableViewCell.xib; sourceTree = "<group>"; };
		1622CECF2970933D00575185 /* ViagemOfertaViewModel.swift */ = {isa = PBXFileReference; lastKnownFileType = sourcecode.swift; path = ViagemOfertaViewModel.swift; sourceTree = "<group>"; };
		1654BE8629606B4E00A2A896 /* TravelTableViewCell.swift */ = {isa = PBXFileReference; lastKnownFileType = sourcecode.swift; path = TravelTableViewCell.swift; sourceTree = "<group>"; };
		1654BE8729606B4E00A2A896 /* TravelTableViewCell.xib */ = {isa = PBXFileReference; lastKnownFileType = file.xib; path = TravelTableViewCell.xib; sourceTree = "<group>"; };
		1654BE8B296074F500A2A896 /* server-response.json */ = {isa = PBXFileReference; fileEncoding = 4; lastKnownFileType = text.json; path = "server-response.json"; sourceTree = "<group>"; };
		1654BE8D2960752400A2A896 /* DecodableData.swift */ = {isa = PBXFileReference; fileEncoding = 4; lastKnownFileType = sourcecode.swift; path = DecodableData.swift; sourceTree = "<group>"; };
		1654BE8F2960753A00A2A896 /* TiposDeViagens.swift */ = {isa = PBXFileReference; fileEncoding = 4; lastKnownFileType = sourcecode.swift; path = TiposDeViagens.swift; sourceTree = "<group>"; };
		1654BE912960754F00A2A896 /* Viagem.swift */ = {isa = PBXFileReference; fileEncoding = 4; lastKnownFileType = sourcecode.swift; path = Viagem.swift; sourceTree = "<group>"; };
		1654BE942960759E00A2A896 /* UIView+Extension.swift */ = {isa = PBXFileReference; fileEncoding = 4; lastKnownFileType = sourcecode.swift; path = "UIView+Extension.swift"; sourceTree = "<group>"; };
		1654BE962960760600A2A896 /* ViagemViewModel.swift */ = {isa = PBXFileReference; lastKnownFileType = sourcecode.swift; path = ViagemViewModel.swift; sourceTree = "<group>"; };
		1654BE982960779100A2A896 /* ViagemDestaqueViewModel.swift */ = {isa = PBXFileReference; lastKnownFileType = sourcecode.swift; path = ViagemDestaqueViewModel.swift; sourceTree = "<group>"; };
		16D48915292D5FDC004CD648 /* travel_app.app */ = {isa = PBXFileReference; explicitFileType = wrapper.application; includeInIndex = 0; path = travel_app.app; sourceTree = BUILT_PRODUCTS_DIR; };
		16D48918292D5FDC004CD648 /* AppDelegate.swift */ = {isa = PBXFileReference; lastKnownFileType = sourcecode.swift; path = AppDelegate.swift; sourceTree = "<group>"; };
		16D4891A292D5FDC004CD648 /* SceneDelegate.swift */ = {isa = PBXFileReference; lastKnownFileType = sourcecode.swift; path = SceneDelegate.swift; sourceTree = "<group>"; };
		16D4891C292D5FDC004CD648 /* ViewController.swift */ = {isa = PBXFileReference; lastKnownFileType = sourcecode.swift; path = ViewController.swift; sourceTree = "<group>"; };
		16D4891F292D5FDC004CD648 /* Base */ = {isa = PBXFileReference; lastKnownFileType = file.storyboard; name = Base; path = Base.lproj/Main.storyboard; sourceTree = "<group>"; };
		16D48921292D5FDC004CD648 /* Assets.xcassets */ = {isa = PBXFileReference; lastKnownFileType = folder.assetcatalog; path = Assets.xcassets; sourceTree = "<group>"; };
		16D48924292D5FDC004CD648 /* Base */ = {isa = PBXFileReference; lastKnownFileType = file.storyboard; name = Base; path = Base.lproj/LaunchScreen.storyboard; sourceTree = "<group>"; };
		16D48926292D5FDC004CD648 /* Info.plist */ = {isa = PBXFileReference; lastKnownFileType = text.plist.xml; path = Info.plist; sourceTree = "<group>"; };
		16FE7C1729380ACB00FE20A5 /* HomeTableViewHeader.xib */ = {isa = PBXFileReference; lastKnownFileType = file.xib; path = HomeTableViewHeader.xib; sourceTree = "<group>"; };
		16FE7C1929380E8800FE20A5 /* HomeTableViewHeader.swift */ = {isa = PBXFileReference; lastKnownFileType = sourcecode.swift; path = HomeTableViewHeader.swift; sourceTree = "<group>"; };
/* End PBXFileReference section */

/* Begin PBXFrameworksBuildPhase section */
		16D48912292D5FDC004CD648 /* Frameworks */ = {
			isa = PBXFrameworksBuildPhase;
			buildActionMask = 2147483647;
			files = (
			);
			runOnlyForDeploymentPostprocessing = 0;
		};
/* End PBXFrameworksBuildPhase section */

/* Begin PBXGroup section */
		1622CEC9297091E600575185 /* Destaques */ = {
			isa = PBXGroup;
			children = (
				1654BE8629606B4E00A2A896 /* TravelTableViewCell.swift */,
				1654BE8729606B4E00A2A896 /* TravelTableViewCell.xib */,
			);
			path = Destaques;
			sourceTree = "<group>";
		};
		1622CECA2970920600575185 /* Ofertas */ = {
			isa = PBXGroup;
			children = (
				1622CECB2970925C00575185 /* OfertaTableViewCell.swift */,
				1622CECC2970925C00575185 /* OfertaTableViewCell.xib */,
			);
			path = Ofertas;
			sourceTree = "<group>";
		};
		1654BE8529606AEE00A2A896 /* Cells */ = {
			isa = PBXGroup;
			children = (
				1622CECA2970920600575185 /* Ofertas */,
				1622CEC9297091E600575185 /* Destaques */,
			);
			path = Cells;
			sourceTree = "<group>";
		};
		1654BE8A296074A600A2A896 /* Mock */ = {
			isa = PBXGroup;
			children = (
				1654BE8B296074F500A2A896 /* server-response.json */,
			);
			path = Mock;
			sourceTree = "<group>";
		};
		1654BE932960756900A2A896 /* Extensions */ = {
			isa = PBXGroup;
			children = (
				1654BE942960759E00A2A896 /* UIView+Extension.swift */,
			);
			path = Extensions;
			sourceTree = "<group>";
		};
		16A9E36D295C7CCE007443B3 /* AppDelegate */ = {
			isa = PBXGroup;
			children = (
				16D48918292D5FDC004CD648 /* AppDelegate.swift */,
				16D4891A292D5FDC004CD648 /* SceneDelegate.swift */,
			);
			path = AppDelegate;
			sourceTree = "<group>";
		};
		16A9E36E295C7CFD007443B3 /* Model */ = {
			isa = PBXGroup;
			children = (
				1654BE8D2960752400A2A896 /* DecodableData.swift */,
				1654BE8F2960753A00A2A896 /* TiposDeViagens.swift */,
				1654BE912960754F00A2A896 /* Viagem.swift */,
			);
			path = Model;
			sourceTree = "<group>";
		};
		16A9E36F295C7D2A007443B3 /* View */ = {
			isa = PBXGroup;
			children = (
				16D4891E292D5FDC004CD648 /* Main.storyboard */,
				16D4891C292D5FDC004CD648 /* ViewController.swift */,
				16A9E370295C7D7B007443B3 /* Header */,
				1654BE8529606AEE00A2A896 /* Cells */,
			);
			path = View;
			sourceTree = "<group>";
		};
		16A9E370295C7D7B007443B3 /* Header */ = {
			isa = PBXGroup;
			children = (
				16FE7C1729380ACB00FE20A5 /* HomeTableViewHeader.xib */,
				16FE7C1929380E8800FE20A5 /* HomeTableViewHeader.swift */,
			);
			path = Header;
			sourceTree = "<group>";
		};
		16A9E371295C7DAA007443B3 /* ViewModel */ = {
			isa = PBXGroup;
			children = (
				1654BE962960760600A2A896 /* ViagemViewModel.swift */,
				1654BE982960779100A2A896 /* ViagemDestaqueViewModel.swift */,
				1622CECF2970933D00575185 /* ViagemOfertaViewModel.swift */,
			);
			path = ViewModel;
			sourceTree = "<group>";
		};
		16D4890C292D5FDB004CD648 = {
			isa = PBXGroup;
			children = (
				16D48917292D5FDC004CD648 /* travel_app */,
				16D48916292D5FDC004CD648 /* Products */,
			);
			sourceTree = "<group>";
		};
		16D48916292D5FDC004CD648 /* Products */ = {
			isa = PBXGroup;
			children = (
				16D48915292D5FDC004CD648 /* travel_app.app */,
			);
			name = Products;
			sourceTree = "<group>";
		};
		16D48917292D5FDC004CD648 /* travel_app */ = {
			isa = PBXGroup;
			children = (
				16A9E36D295C7CCE007443B3 /* AppDelegate */,
				16A9E36E295C7CFD007443B3 /* Model */,
				16A9E36F295C7D2A007443B3 /* View */,
				16A9E371295C7DAA007443B3 /* ViewModel */,
				1654BE932960756900A2A896 /* Extensions */,
				16D48921292D5FDC004CD648 /* Assets.xcassets */,
				1654BE8A296074A600A2A896 /* Mock */,
				16D48923292D5FDC004CD648 /* LaunchScreen.storyboard */,
				16D48926292D5FDC004CD648 /* Info.plist */,
			);
			path = travel_app;
			sourceTree = "<group>";
		};
/* End PBXGroup section */

/* Begin PBXNativeTarget section */
		16D48914292D5FDC004CD648 /* travel_app */ = {
			isa = PBXNativeTarget;
			buildConfigurationList = 16D48929292D5FDC004CD648 /* Build configuration list for PBXNativeTarget "travel_app" */;
			buildPhases = (
				16D48911292D5FDC004CD648 /* Sources */,
				16D48912292D5FDC004CD648 /* Frameworks */,
				16D48913292D5FDC004CD648 /* Resources */,
			);
			buildRules = (
			);
			dependencies = (
			);
			name = travel_app;
			productName = travel_app;
			productReference = 16D48915292D5FDC004CD648 /* travel_app.app */;
			productType = "com.apple.product-type.application";
		};
/* End PBXNativeTarget section */

/* Begin PBXProject section */
		16D4890D292D5FDB004CD648 /* Project object */ = {
			isa = PBXProject;
			attributes = {
				BuildIndependentTargetsInParallel = 1;
				LastSwiftUpdateCheck = 1410;
				LastUpgradeCheck = 1410;
				TargetAttributes = {
					16D48914292D5FDC004CD648 = {
						CreatedOnToolsVersion = 14.1;
					};
				};
			};
			buildConfigurationList = 16D48910292D5FDB004CD648 /* Build configuration list for PBXProject "travel_app" */;
			compatibilityVersion = "Xcode 14.0";
			developmentRegion = en;
			hasScannedForEncodings = 0;
			knownRegions = (
				en,
				Base,
			);
			mainGroup = 16D4890C292D5FDB004CD648;
			productRefGroup = 16D48916292D5FDC004CD648 /* Products */;
			projectDirPath = "";
			projectRoot = "";
			targets = (
				16D48914292D5FDC004CD648 /* travel_app */,
			);
		};
/* End PBXProject section */

/* Begin PBXResourcesBuildPhase section */
		16D48913292D5FDC004CD648 /* Resources */ = {
			isa = PBXResourcesBuildPhase;
			buildActionMask = 2147483647;
			files = (
				16D48925292D5FDC004CD648 /* LaunchScreen.storyboard in Resources */,
				1654BE8C296074F500A2A896 /* server-response.json in Resources */,
				16FE7C1829380ACB00FE20A5 /* HomeTableViewHeader.xib in Resources */,
				16D48922292D5FDC004CD648 /* Assets.xcassets in Resources */,
				16D48920292D5FDC004CD648 /* Main.storyboard in Resources */,
				1654BE8929606B4E00A2A896 /* TravelTableViewCell.xib in Resources */,
				1622CECE2970925C00575185 /* OfertaTableViewCell.xib in Resources */,
			);
			runOnlyForDeploymentPostprocessing = 0;
		};
/* End PBXResourcesBuildPhase section */

/* Begin PBXSourcesBuildPhase section */
		16D48911292D5FDC004CD648 /* Sources */ = {
			isa = PBXSourcesBuildPhase;
			buildActionMask = 2147483647;
			files = (
				1654BE922960754F00A2A896 /* Viagem.swift in Sources */,
				16D4891D292D5FDC004CD648 /* ViewController.swift in Sources */,
				16FE7C1A29380E8800FE20A5 /* HomeTableViewHeader.swift in Sources */,
				1654BE952960759E00A2A896 /* UIView+Extension.swift in Sources */,
				1622CED02970933D00575185 /* ViagemOfertaViewModel.swift in Sources */,
				1622CECD2970925C00575185 /* OfertaTableViewCell.swift in Sources */,
				1654BE902960753A00A2A896 /* TiposDeViagens.swift in Sources */,
				16D48919292D5FDC004CD648 /* AppDelegate.swift in Sources */,
				1654BE8E2960752400A2A896 /* DecodableData.swift in Sources */,
				1654BE8829606B4E00A2A896 /* TravelTableViewCell.swift in Sources */,
				16D4891B292D5FDC004CD648 /* SceneDelegate.swift in Sources */,
				1654BE972960760600A2A896 /* ViagemViewModel.swift in Sources */,
				1654BE992960779100A2A896 /* ViagemDestaqueViewModel.swift in Sources */,
			);
			runOnlyForDeploymentPostprocessing = 0;
		};
/* End PBXSourcesBuildPhase section */

/* Begin PBXVariantGroup section */
		16D4891E292D5FDC004CD648 /* Main.storyboard */ = {
			isa = PBXVariantGroup;
			children = (
				16D4891F292D5FDC004CD648 /* Base */,
			);
			name = Main.storyboard;
			sourceTree = "<group>";
		};
		16D48923292D5FDC004CD648 /* LaunchScreen.storyboard */ = {
			isa = PBXVariantGroup;
			children = (
				16D48924292D5FDC004CD648 /* Base */,
			);
			name = LaunchScreen.storyboard;
			sourceTree = "<group>";
		};
/* End PBXVariantGroup section */

/* Begin XCBuildConfiguration section */
		16D48927292D5FDC004CD648 /* Debug */ = {
			isa = XCBuildConfiguration;
			buildSettings = {
				ALWAYS_SEARCH_USER_PATHS = NO;
				CLANG_ANALYZER_NONNULL = YES;
				CLANG_ANALYZER_NUMBER_OBJECT_CONVERSION = YES_AGGRESSIVE;
				CLANG_CXX_LANGUAGE_STANDARD = "gnu++20";
				CLANG_ENABLE_MODULES = YES;
				CLANG_ENABLE_OBJC_ARC = YES;
				CLANG_ENABLE_OBJC_WEAK = YES;
				CLANG_WARN_BLOCK_CAPTURE_AUTORELEASING = YES;
				CLANG_WARN_BOOL_CONVERSION = YES;
				CLANG_WARN_COMMA = YES;
				CLANG_WARN_CONSTANT_CONVERSION = YES;
				CLANG_WARN_DEPRECATED_OBJC_IMPLEMENTATIONS = YES;
				CLANG_WARN_DIRECT_OBJC_ISA_USAGE = YES_ERROR;
				CLANG_WARN_DOCUMENTATION_COMMENTS = YES;
				CLANG_WARN_EMPTY_BODY = YES;
				CLANG_WARN_ENUM_CONVERSION = YES;
				CLANG_WARN_INFINITE_RECURSION = YES;
				CLANG_WARN_INT_CONVERSION = YES;
				CLANG_WARN_NON_LITERAL_NULL_CONVERSION = YES;
				CLANG_WARN_OBJC_IMPLICIT_RETAIN_SELF = YES;
				CLANG_WARN_OBJC_LITERAL_CONVERSION = YES;
				CLANG_WARN_OBJC_ROOT_CLASS = YES_ERROR;
				CLANG_WARN_QUOTED_INCLUDE_IN_FRAMEWORK_HEADER = YES;
				CLANG_WARN_RANGE_LOOP_ANALYSIS = YES;
				CLANG_WARN_STRICT_PROTOTYPES = YES;
				CLANG_WARN_SUSPICIOUS_MOVE = YES;
				CLANG_WARN_UNGUARDED_AVAILABILITY = YES_AGGRESSIVE;
				CLANG_WARN_UNREACHABLE_CODE = YES;
				CLANG_WARN__DUPLICATE_METHOD_MATCH = YES;
				COPY_PHASE_STRIP = NO;
				DEBUG_INFORMATION_FORMAT = dwarf;
				ENABLE_STRICT_OBJC_MSGSEND = YES;
				ENABLE_TESTABILITY = YES;
				GCC_C_LANGUAGE_STANDARD = gnu11;
				GCC_DYNAMIC_NO_PIC = NO;
				GCC_NO_COMMON_BLOCKS = YES;
				GCC_OPTIMIZATION_LEVEL = 0;
				GCC_PREPROCESSOR_DEFINITIONS = (
					"DEBUG=1",
					"$(inherited)",
				);
				GCC_WARN_64_TO_32_BIT_CONVERSION = YES;
				GCC_WARN_ABOUT_RETURN_TYPE = YES_ERROR;
				GCC_WARN_UNDECLARED_SELECTOR = YES;
				GCC_WARN_UNINITIALIZED_AUTOS = YES_AGGRESSIVE;
				GCC_WARN_UNUSED_FUNCTION = YES;
				GCC_WARN_UNUSED_VARIABLE = YES;
				IPHONEOS_DEPLOYMENT_TARGET = 16.1;
				MTL_ENABLE_DEBUG_INFO = INCLUDE_SOURCE;
				MTL_FAST_MATH = YES;
				ONLY_ACTIVE_ARCH = YES;
				SDKROOT = iphoneos;
				SWIFT_ACTIVE_COMPILATION_CONDITIONS = DEBUG;
				SWIFT_OPTIMIZATION_LEVEL = "-Onone";
			};
			name = Debug;
		};
		16D48928292D5FDC004CD648 /* Release */ = {
			isa = XCBuildConfiguration;
			buildSettings = {
				ALWAYS_SEARCH_USER_PATHS = NO;
				CLANG_ANALYZER_NONNULL = YES;
				CLANG_ANALYZER_NUMBER_OBJECT_CONVERSION = YES_AGGRESSIVE;
				CLANG_CXX_LANGUAGE_STANDARD = "gnu++20";
				CLANG_ENABLE_MODULES = YES;
				CLANG_ENABLE_OBJC_ARC = YES;
				CLANG_ENABLE_OBJC_WEAK = YES;
				CLANG_WARN_BLOCK_CAPTURE_AUTORELEASING = YES;
				CLANG_WARN_BOOL_CONVERSION = YES;
				CLANG_WARN_COMMA = YES;
				CLANG_WARN_CONSTANT_CONVERSION = YES;
				CLANG_WARN_DEPRECATED_OBJC_IMPLEMENTATIONS = YES;
				CLANG_WARN_DIRECT_OBJC_ISA_USAGE = YES_ERROR;
				CLANG_WARN_DOCUMENTATION_COMMENTS = YES;
				CLANG_WARN_EMPTY_BODY = YES;
				CLANG_WARN_ENUM_CONVERSION = YES;
				CLANG_WARN_INFINITE_RECURSION = YES;
				CLANG_WARN_INT_CONVERSION = YES;
				CLANG_WARN_NON_LITERAL_NULL_CONVERSION = YES;
				CLANG_WARN_OBJC_IMPLICIT_RETAIN_SELF = YES;
				CLANG_WARN_OBJC_LITERAL_CONVERSION = YES;
				CLANG_WARN_OBJC_ROOT_CLASS = YES_ERROR;
				CLANG_WARN_QUOTED_INCLUDE_IN_FRAMEWORK_HEADER = YES;
				CLANG_WARN_RANGE_LOOP_ANALYSIS = YES;
				CLANG_WARN_STRICT_PROTOTYPES = YES;
				CLANG_WARN_SUSPICIOUS_MOVE = YES;
				CLANG_WARN_UNGUARDED_AVAILABILITY = YES_AGGRESSIVE;
				CLANG_WARN_UNREACHABLE_CODE = YES;
				CLANG_WARN__DUPLICATE_METHOD_MATCH = YES;
				COPY_PHASE_STRIP = NO;
				DEBUG_INFORMATION_FORMAT = "dwarf-with-dsym";
				ENABLE_NS_ASSERTIONS = NO;
				ENABLE_STRICT_OBJC_MSGSEND = YES;
				GCC_C_LANGUAGE_STANDARD = gnu11;
				GCC_NO_COMMON_BLOCKS = YES;
				GCC_WARN_64_TO_32_BIT_CONVERSION = YES;
				GCC_WARN_ABOUT_RETURN_TYPE = YES_ERROR;
				GCC_WARN_UNDECLARED_SELECTOR = YES;
				GCC_WARN_UNINITIALIZED_AUTOS = YES_AGGRESSIVE;
				GCC_WARN_UNUSED_FUNCTION = YES;
				GCC_WARN_UNUSED_VARIABLE = YES;
				IPHONEOS_DEPLOYMENT_TARGET = 16.1;
				MTL_ENABLE_DEBUG_INFO = NO;
				MTL_FAST_MATH = YES;
				SDKROOT = iphoneos;
				SWIFT_COMPILATION_MODE = wholemodule;
				SWIFT_OPTIMIZATION_LEVEL = "-O";
				VALIDATE_PRODUCT = YES;
			};
			name = Release;
		};
		16D4892A292D5FDC004CD648 /* Debug */ = {
			isa = XCBuildConfiguration;
			buildSettings = {
				ASSETCATALOG_COMPILER_APPICON_NAME = AppIcon;
				ASSETCATALOG_COMPILER_GLOBAL_ACCENT_COLOR_NAME = AccentColor;
				CODE_SIGN_STYLE = Automatic;
				CURRENT_PROJECT_VERSION = 1;
				DEVELOPMENT_TEAM = 6NLKWTB739;
				GENERATE_INFOPLIST_FILE = YES;
				INFOPLIST_FILE = travel_app/Info.plist;
				INFOPLIST_KEY_UIApplicationSupportsIndirectInputEvents = YES;
				INFOPLIST_KEY_UILaunchStoryboardName = LaunchScreen;
				INFOPLIST_KEY_UIMainStoryboardFile = Main;
				INFOPLIST_KEY_UISupportedInterfaceOrientations_iPad = "UIInterfaceOrientationPortrait UIInterfaceOrientationPortraitUpsideDown UIInterfaceOrientationLandscapeLeft UIInterfaceOrientationLandscapeRight";
				INFOPLIST_KEY_UISupportedInterfaceOrientations_iPhone = "UIInterfaceOrientationPortrait UIInterfaceOrientationLandscapeLeft UIInterfaceOrientationLandscapeRight";
				LD_RUNPATH_SEARCH_PATHS = (
					"$(inherited)",
					"@executable_path/Frameworks",
				);
				MARKETING_VERSION = 1.0;
				PRODUCT_BUNDLE_IDENTIFIER = "Franklin-Aurelio.travel-app";
				PRODUCT_NAME = "$(TARGET_NAME)";
				SWIFT_EMIT_LOC_STRINGS = YES;
				SWIFT_VERSION = 5.0;
				TARGETED_DEVICE_FAMILY = "1,2";
			};
			name = Debug;
		};
		16D4892B292D5FDC004CD648 /* Release */ = {
			isa = XCBuildConfiguration;
			buildSettings = {
				ASSETCATALOG_COMPILER_APPICON_NAME = AppIcon;
				ASSETCATALOG_COMPILER_GLOBAL_ACCENT_COLOR_NAME = AccentColor;
				CODE_SIGN_STYLE = Automatic;
				CURRENT_PROJECT_VERSION = 1;
				DEVELOPMENT_TEAM = 6NLKWTB739;
				GENERATE_INFOPLIST_FILE = YES;
				INFOPLIST_FILE = travel_app/Info.plist;
				INFOPLIST_KEY_UIApplicationSupportsIndirectInputEvents = YES;
				INFOPLIST_KEY_UILaunchStoryboardName = LaunchScreen;
				INFOPLIST_KEY_UIMainStoryboardFile = Main;
				INFOPLIST_KEY_UISupportedInterfaceOrientations_iPad = "UIInterfaceOrientationPortrait UIInterfaceOrientationPortraitUpsideDown UIInterfaceOrientationLandscapeLeft UIInterfaceOrientationLandscapeRight";
				INFOPLIST_KEY_UISupportedInterfaceOrientations_iPhone = "UIInterfaceOrientationPortrait UIInterfaceOrientationLandscapeLeft UIInterfaceOrientationLandscapeRight";
				LD_RUNPATH_SEARCH_PATHS = (
					"$(inherited)",
					"@executable_path/Frameworks",
				);
				MARKETING_VERSION = 1.0;
				PRODUCT_BUNDLE_IDENTIFIER = "Franklin-Aurelio.travel-app";
				PRODUCT_NAME = "$(TARGET_NAME)";
				SWIFT_EMIT_LOC_STRINGS = YES;
				SWIFT_VERSION = 5.0;
				TARGETED_DEVICE_FAMILY = "1,2";
			};
			name = Release;
		};
/* End XCBuildConfiguration section */

/* Begin XCConfigurationList section */
		16D48910292D5FDB004CD648 /* Build configuration list for PBXProject "travel_app" */ = {
			isa = XCConfigurationList;
			buildConfigurations = (
				16D48927292D5FDC004CD648 /* Debug */,
				16D48928292D5FDC004CD648 /* Release */,
			);
			defaultConfigurationIsVisible = 0;
			defaultConfigurationName = Release;
		};
		16D48929292D5FDC004CD648 /* Build configuration list for PBXNativeTarget "travel_app" */ = {
			isa = XCConfigurationList;
			buildConfigurations = (
				16D4892A292D5FDC004CD648 /* Debug */,
				16D4892B292D5FDC004CD648 /* Release */,
			);
			defaultConfigurationIsVisible = 0;
			defaultConfigurationName = Release;
		};
/* End XCConfigurationList section */
	};
	rootObject = 16D4890D292D5FDB004CD648 /* Project object */;
}
